{
    "_readme": [
        "This file locks the dependencies of your project to a known state",
        "Read more about it at https://getcomposer.org/doc/01-basic-usage.md#composer-lock-the-lock-file",
        "This file is @generated automatically"
    ],
    "hash": "eda40b82ea47dd5d7d0ac5de01404faf",
    "content-hash": "1cb2b5bccbe18e7ef4663f18d656d7ba",
    "packages": [
        {
            "name": "phalcon/devtools",
            "version": "v2.0.8",
            "source": {
                "type": "git",
                "url": "https://github.com/phalcon/phalcon-devtools.git",
                "reference": "c2e5aff43aa4fbf919abd13bb7d0ef80efb83f57"
            },
            "dist": {
                "type": "zip",
                "url": "https://api.github.com/repos/phalcon/phalcon-devtools/zipball/c2e5aff43aa4fbf919abd13bb7d0ef80efb83f57",
                "reference": "c2e5aff43aa4fbf919abd13bb7d0ef80efb83f57",
                "shasum": ""
            },
            "require": {
                "ext-phalcon": "~2.0",
                "php": ">=5.3.9"
            },
            "require-dev": {
                "kherge/box": ">=2.5.2"
            },
            "bin": [
                "phalcon.php"
            ],
            "type": "library",
            "autoload": {
                "psr-0": {
                    "Phalcon": "scripts/"
                }
            },
            "notification-url": "https://packagist.org/downloads/",
            "license": [
                "BSD-3-Clause"
            ],
            "authors": [
                {
                    "name": "Phalcon Team",
                    "email": "team@phalconphp.com"
                }
            ],
            "description": "This tools provide you useful scripts to generate code helping to develop faster and easy applications that use with Phalcon framework.",
            "homepage": "http://phalconphp.com",
            "keywords": [
                "Devtools",
                "framework",
                "phalcon",
                "phar",
                "webtools"
            ],
            "time": "2015-09-25 21:49:32"
        }
    ],
    "packages-dev": [],
    "aliases": [],
    "minimum-stability": "stable",
    "stability-flags": [],
    "prefer-stable": false,
    "prefer-lowest": false,
    "platform": {
        "php": ">= 5.6.0",
        "ext-phalcon": ">= 2.0.0",
        "ext-mcrypt": "*",
        "ext-redis": "*",
        "ext-memcached": "*"
    },
    "platform-dev": []
}
